
Microsoft Visual Studio Solution File, Format Version 12.00
# Visual Studio 15
VisualStudioVersion = 15.0.27428.2005
MinimumVisualStudioVersion = 10.0.40219.1
Project("{FAE04EC0-301F-11D3-BF4B-00C04F79EFBC}") = "DotNetCrud", "DotNetCrud\DotNetCrud.csproj", "{EA8DFB58-75FF-477F-BD98-1CE4C481765C}"
EndProject
Project("{FAE04EC0-301F-11D3-BF4B-00C04F79EFBC}") = "DotNetCrud.Tests", "DotNetCrud.Tests\DotNetCrud.Tests.csproj", "{4514A646-D59D-40D7-872A-9FC3E2ACD08B}"
EndProject
Global
	GlobalSection(SolutionConfigurationPlatforms) = preSolution
		Debug|Any CPU = Debug|Any CPU
		Release|Any CPU = Release|Any CPU
	EndGlobalSection
	GlobalSection(ProjectConfigurationPlatforms) = postSolution
		{EA8DFB58-75FF-477F-BD98-1CE4C481765C}.Debug|Any CPU.ActiveCfg = Debug|Any CPU
		{EA8DFB58-75FF-477F-BD98-1CE4C481765C}.Debug|Any CPU.Build.0 = Debug|Any CPU
		{EA8DFB58-75FF-477F-BD98-1CE4C481765C}.Release|Any CPU.ActiveCfg = Release|Any CPU
		{EA8DFB58-75FF-477F-BD98-1CE4C481765C}.Release|Any CPU.Build.0 = Release|Any CPU
		{4514A646-D59D-40D7-872A-9FC3E2ACD08B}.Debug|Any CPU.ActiveCfg = Debug|Any CPU
		{4514A646-D59D-40D7-872A-9FC3E2ACD08B}.Debug|Any CPU.Build.0 = Debug|Any CPU
		{4514A646-D59D-40D7-872A-9FC3E2ACD08B}.Release|Any CPU.ActiveCfg = Release|Any CPU
		{4514A646-D59D-40D7-872A-9FC3E2ACD08B}.Release|Any CPU.Build.0 = Release|Any CPU
	EndGlobalSection
	GlobalSection(SolutionProperties) = preSolution
		HideSolutionNode = FALSE
	EndGlobalSection
	GlobalSection(ExtensibilityGlobals) = postSolution
		SolutionGuid = {D14BD7AF-2B8D-4CBC-90F6-3817B683FED8}
	EndGlobalSection
EndGlobal
